
Microsoft Visual Studio Solution File, Format Version 12.00
Project("{FAE04EC0-301F-11D3-BF4B-00C04F79EFBC}") = "cul-Kula", "cul-Kula\cul-Kula.csproj", "{DF33F52D-22C7-4476-80F4-CD61983EF040}"
EndProject
Global
	GlobalSection(SolutionConfigurationPlatforms) = preSolution
		Debug|Any CPU = Debug|Any CPU
		Release|Any CPU = Release|Any CPU
	EndGlobalSection
	GlobalSection(ProjectConfigurationPlatforms) = postSolution
		{DF33F52D-22C7-4476-80F4-CD61983EF040}.Debug|Any CPU.ActiveCfg = Debug|Any CPU
		{DF33F52D-22C7-4476-80F4-CD61983EF040}.Debug|Any CPU.Build.0 = Debug|Any CPU
		{DF33F52D-22C7-4476-80F4-CD61983EF040}.Release|Any CPU.ActiveCfg = Release|Any CPU
		{DF33F52D-22C7-4476-80F4-CD61983EF040}.Release|Any CPU.Build.0 = Release|Any CPU
	EndGlobalSection
EndGlobal
